
Microsoft Visual Studio Solution File, Format Version 12.00
# Visual Studio 2010
Project("{2150E333-8FDC-42A3-9474-1A3956D46DE8}") = ".nuget", ".nuget", "{3342E1CA-5D0A-4E68-A2D5-80FBC963B23E}"
	ProjectSection(SolutionItems) = preProject
		.nuget\packages.config = .nuget\packages.config
	EndProjectSection
EndProject
Project("{2150E333-8FDC-42A3-9474-1A3956D46DE8}") = "Solution Items", "Solution Items", "{A3C84853-90DA-4900-ADC4-F0F2E0326B8D}"
	ProjectSection(SolutionItems) = preProject
		Local.testsettings = Local.testsettings
		ProjetSynthese.vsmdi = ProjetSynthese.vsmdi
		TraceAndTestImpact.testsettings = TraceAndTestImpact.testsettings
	EndProjectSection
EndProject
Project("{FAE04EC0-301F-11D3-BF4B-00C04F79EFBC}") = "Data_synthese", "Data_synthese\Data_synthese.csproj", "{143B386C-C9E6-4AAC-BCB5-39E47E054EA1}"
EndProject
Project("{FAE04EC0-301F-11D3-BF4B-00C04F79EFBC}") = "Data_synthese", "Data_synthese\Data_synthese.csproj", "{143B386C-C9E6-4AAC-BCB5-39E47E054EA1}"
EndProject
Project("{FAE04EC0-301F-11D3-BF4B-00C04F79EFBC}") = "WCF_Synthese", "WCF_Synthese\WCF_Synthese.csproj", "{B8A79EFF-48ED-4C95-A194-F616A1919C55}"
EndProject
Project("{FAE04EC0-301F-11D3-BF4B-00C04F79EFBC}") = "BO_Synthese", "BO_Synthese\BO_Synthese.csproj", "{36296657-BD9F-4B9E-B872-56AB1935147C}"
EndProject
Project("{FAE04EC0-301F-11D3-BF4B-00C04F79EFBC}") = "Entites_Synthese", "Entites_Synthese\Entites_Synthese.csproj", "{47FE8F85-D7F3-4CA6-B57A-6C65FD848810}"
EndProject
Project("{FAE04EC0-301F-11D3-BF4B-00C04F79EFBC}") = "TEST_Data_Synthese", "TEST_Data_Synthese\TEST_Data_Synthese.csproj", "{22BE62F2-88FA-46FB-B1C2-74AF23E9E9B4}"
EndProject
Project("{FAE04EC0-301F-11D3-BF4B-00C04F79EFBC}") = "TEST_BO_Synthese", "TEST_BO_Synthese\TEST_BO_Synthese.csproj", "{EAAF996E-DEBA-41E0-AFFC-A7A1F6412D69}"
EndProject
Global
	GlobalSection(TestCaseManagementSettings) = postSolution
		CategoryFile = ProjetSynthese.vsmdi
	EndGlobalSection
	GlobalSection(SolutionConfigurationPlatforms) = preSolution
		Debug|Any CPU = Debug|Any CPU
		Debug|Mixed Platforms = Debug|Mixed Platforms
		Debug|x86 = Debug|x86
		Release|Any CPU = Release|Any CPU
		Release|Mixed Platforms = Release|Mixed Platforms
		Release|x86 = Release|x86
	EndGlobalSection
	GlobalSection(ProjectConfigurationPlatforms) = postSolution
		{143B386C-C9E6-4AAC-BCB5-39E47E054EA1}.Debug|Any CPU.ActiveCfg = Debug|Any CPU
		{143B386C-C9E6-4AAC-BCB5-39E47E054EA1}.Debug|Any CPU.Build.0 = Debug|Any CPU
		{143B386C-C9E6-4AAC-BCB5-39E47E054EA1}.Debug|Mixed Platforms.ActiveCfg = Debug|Any CPU
		{143B386C-C9E6-4AAC-BCB5-39E47E054EA1}.Debug|Mixed Platforms.Build.0 = Debug|Any CPU
		{143B386C-C9E6-4AAC-BCB5-39E47E054EA1}.Debug|x86.ActiveCfg = Debug|Any CPU
		{143B386C-C9E6-4AAC-BCB5-39E47E054EA1}.Release|Any CPU.ActiveCfg = Release|Any CPU
		{143B386C-C9E6-4AAC-BCB5-39E47E054EA1}.Release|Any CPU.Build.0 = Release|Any CPU
		{143B386C-C9E6-4AAC-BCB5-39E47E054EA1}.Release|Mixed Platforms.ActiveCfg = Release|Any CPU
		{143B386C-C9E6-4AAC-BCB5-39E47E054EA1}.Release|Mixed Platforms.Build.0 = Release|Any CPU
		{143B386C-C9E6-4AAC-BCB5-39E47E054EA1}.Release|x86.ActiveCfg = Release|Any CPU
		{B8A79EFF-48ED-4C95-A194-F616A1919C55}.Debug|Any CPU.ActiveCfg = Debug|Any CPU
		{B8A79EFF-48ED-4C95-A194-F616A1919C55}.Debug|Any CPU.Build.0 = Debug|Any CPU
		{B8A79EFF-48ED-4C95-A194-F616A1919C55}.Debug|Mixed Platforms.ActiveCfg = Debug|Any CPU
		{B8A79EFF-48ED-4C95-A194-F616A1919C55}.Debug|Mixed Platforms.Build.0 = Debug|Any CPU
		{B8A79EFF-48ED-4C95-A194-F616A1919C55}.Debug|x86.ActiveCfg = Debug|Any CPU
		{B8A79EFF-48ED-4C95-A194-F616A1919C55}.Release|Any CPU.ActiveCfg = Release|Any CPU
		{B8A79EFF-48ED-4C95-A194-F616A1919C55}.Release|Any CPU.Build.0 = Release|Any CPU
		{B8A79EFF-48ED-4C95-A194-F616A1919C55}.Release|Mixed Platforms.ActiveCfg = Release|Any CPU
		{B8A79EFF-48ED-4C95-A194-F616A1919C55}.Release|Mixed Platforms.Build.0 = Release|Any CPU
		{B8A79EFF-48ED-4C95-A194-F616A1919C55}.Release|x86.ActiveCfg = Release|Any CPU
		{36296657-BD9F-4B9E-B872-56AB1935147C}.Debug|Any CPU.ActiveCfg = Debug|Any CPU
		{36296657-BD9F-4B9E-B872-56AB1935147C}.Debug|Any CPU.Build.0 = Debug|Any CPU
		{36296657-BD9F-4B9E-B872-56AB1935147C}.Debug|Mixed Platforms.ActiveCfg = Debug|Any CPU
		{36296657-BD9F-4B9E-B872-56AB1935147C}.Debug|Mixed Platforms.Build.0 = Debug|Any CPU
		{36296657-BD9F-4B9E-B872-56AB1935147C}.Debug|x86.ActiveCfg = Debug|Any CPU
		{36296657-BD9F-4B9E-B872-56AB1935147C}.Release|Any CPU.ActiveCfg = Release|Any CPU
		{36296657-BD9F-4B9E-B872-56AB1935147C}.Release|Any CPU.Build.0 = Release|Any CPU
		{36296657-BD9F-4B9E-B872-56AB1935147C}.Release|Mixed Platforms.ActiveCfg = Release|Any CPU
		{36296657-BD9F-4B9E-B872-56AB1935147C}.Release|Mixed Platforms.Build.0 = Release|Any CPU
		{36296657-BD9F-4B9E-B872-56AB1935147C}.Release|x86.ActiveCfg = Release|Any CPU
		{47FE8F85-D7F3-4CA6-B57A-6C65FD848810}.Debug|Any CPU.ActiveCfg = Debug|Any CPU
		{47FE8F85-D7F3-4CA6-B57A-6C65FD848810}.Debug|Any CPU.Build.0 = Debug|Any CPU
		{47FE8F85-D7F3-4CA6-B57A-6C65FD848810}.Debug|Mixed Platforms.ActiveCfg = Debug|Any CPU
		{47FE8F85-D7F3-4CA6-B57A-6C65FD848810}.Debug|Mixed Platforms.Build.0 = Debug|Any CPU
		{47FE8F85-D7F3-4CA6-B57A-6C65FD848810}.Debug|x86.ActiveCfg = Debug|Any CPU
		{47FE8F85-D7F3-4CA6-B57A-6C65FD848810}.Release|Any CPU.ActiveCfg = Release|Any CPU
		{47FE8F85-D7F3-4CA6-B57A-6C65FD848810}.Release|Any CPU.Build.0 = Release|Any CPU
		{47FE8F85-D7F3-4CA6-B57A-6C65FD848810}.Release|Mixed Platforms.ActiveCfg = Release|Any CPU
		{47FE8F85-D7F3-4CA6-B57A-6C65FD848810}.Release|Mixed Platforms.Build.0 = Release|Any CPU
		{47FE8F85-D7F3-4CA6-B57A-6C65FD848810}.Release|x86.ActiveCfg = Release|Any CPU
		{22BE62F2-88FA-46FB-B1C2-74AF23E9E9B4}.Debug|Any CPU.ActiveCfg = Debug|Any CPU
		{22BE62F2-88FA-46FB-B1C2-74AF23E9E9B4}.Debug|Any CPU.Build.0 = Debug|Any CPU
		{22BE62F2-88FA-46FB-B1C2-74AF23E9E9B4}.Debug|Mixed Platforms.ActiveCfg = Debug|Any CPU
		{22BE62F2-88FA-46FB-B1C2-74AF23E9E9B4}.Debug|Mixed Platforms.Build.0 = Debug|Any CPU
		{22BE62F2-88FA-46FB-B1C2-74AF23E9E9B4}.Debug|x86.ActiveCfg = Debug|Any CPU
		{22BE62F2-88FA-46FB-B1C2-74AF23E9E9B4}.Release|Any CPU.ActiveCfg = Release|Any CPU
		{22BE62F2-88FA-46FB-B1C2-74AF23E9E9B4}.Release|Any CPU.Build.0 = Release|Any CPU
		{22BE62F2-88FA-46FB-B1C2-74AF23E9E9B4}.Release|Mixed Platforms.ActiveCfg = Release|Any CPU
		{22BE62F2-88FA-46FB-B1C2-74AF23E9E9B4}.Release|Mixed Platforms.Build.0 = Release|Any CPU
		{22BE62F2-88FA-46FB-B1C2-74AF23E9E9B4}.Release|x86.ActiveCfg = Release|Any CPU
		{EAAF996E-DEBA-41E0-AFFC-A7A1F6412D69}.Debug|Any CPU.ActiveCfg = Debug|Any CPU
		{EAAF996E-DEBA-41E0-AFFC-A7A1F6412D69}.Debug|Any CPU.Build.0 = Debug|Any CPU
		{EAAF996E-DEBA-41E0-AFFC-A7A1F6412D69}.Debug|Mixed Platforms.ActiveCfg = Debug|Any CPU
		{EAAF996E-DEBA-41E0-AFFC-A7A1F6412D69}.Debug|Mixed Platforms.Build.0 = Debug|Any CPU
		{EAAF996E-DEBA-41E0-AFFC-A7A1F6412D69}.Debug|x86.ActiveCfg = Debug|Any CPU
		{EAAF996E-DEBA-41E0-AFFC-A7A1F6412D69}.Release|Any CPU.ActiveCfg = Release|Any CPU
		{EAAF996E-DEBA-41E0-AFFC-A7A1F6412D69}.Release|Any CPU.Build.0 = Release|Any CPU
		{EAAF996E-DEBA-41E0-AFFC-A7A1F6412D69}.Release|Mixed Platforms.ActiveCfg = Release|Any CPU
		{EAAF996E-DEBA-41E0-AFFC-A7A1F6412D69}.Release|Mixed Platforms.Build.0 = Release|Any CPU
		{EAAF996E-DEBA-41E0-AFFC-A7A1F6412D69}.Release|x86.ActiveCfg = Release|Any CPU
	EndGlobalSection
	GlobalSection(SolutionProperties) = preSolution
		HideSolutionNode = FALSE
	EndGlobalSection
EndGlobal
